<?xml version="1.0" encoding="utf-8"?>
<Project ToolsVersion="4.0" xmlns="http://schemas.microsoft.com/developer/msbuild/2003">
  <ItemGroup>
    <Filter Include="Source Files">
      <UniqueIdentifier>{4FC737F1-C7A5-4376-A066-2A32D752A2FF}</UniqueIdentifier>
      <Extensions>cpp;c;cc;cxx;c++;cppm;ixx;def;odl;idl;hpj;bat;asm;asmx</Extensions>
    </Filter>
    <Filter Include="Header Files">
      <UniqueIdentifier>{93995380-89BD-4b04-88EB-625FBE52EBFB}</UniqueIdentifier>
      <Extensions>h;hh;hpp;hxx;h++;hm;inl;inc;ipp;xsd</Extensions>
    </Filter>
    <Filter Include="Resource Files">
      <UniqueIdentifier>{67DA6AB6-F800-4c08-8B7A-83BB121AAD01}</UniqueIdentifier>
      <Extensions>rc;ico;cur;bmp;dlg;rc2;rct;bin;rgs;gif;jpg;jpeg;jpe;resx;tiff;tif;png;wav;mfcribbon-ms</Extensions>
    </Filter>
  </ItemGroup>
  <ItemGroup>
    <ClCompile Include="src\field.c">
      <Filter>Source Files</Filter>
    </ClCompile>
    <ClCompile Include="src\game.c">
      <Filter>Source Files</Filter>
    </ClCompile>
    <ClCompile Include="src\object.c">
      <Filter>Source Files</Filter>
    </ClCompile>
    <ClCompile Include="src\random.c">
      <Filter>Source Files</Filter>
    </ClCompile>
    <ClCompile Include="src\shape.c">
      <Filter>Source Files</Filter>
    </ClCompile>
    <ClCompile Include="src\objmgr.c">
      <Filter>Source Files</Filter>
    </ClCompile>
    <ClCompile Include="src\levelmgr.c">
      <Filter>Source Files</Filter>
    </ClCompile>
    <ClCompile Include="src\vicViper.c">
      <Filter>Source Files</Filter>
    </ClCompile>
    <ClCompile Include="src\projectiles.c">
      <Filter>Source Files</Filter>
    </ClCompile>
    <ClCompile Include="src\hitbox.c">
      <Filter>Source Files</Filter>
    </ClCompile>
    <ClCompile Include="src\sprite.c">
      <Filter>Source Files</Filter>
    </ClCompile>
    <ClCompile Include="src\animation.c">
      <Filter>Source Files</Filter>
    </ClCompile>
    <ClCompile Include="src\enemy.c">
      <Filter>Source Files</Filter>
    </ClCompile>
    <ClCompile Include="src\spinner.c">
      <Filter>Source Files</Filter>
    </ClCompile>
    <ClCompile Include="src\enemyManager.c">
      <Filter>Source Files</Filter>
    </ClCompile>
    <ClCompile Include="src\projectileManager.c">
      <Filter>Source Files</Filter>
    </ClCompile>
    <ClCompile Include="src\scoreManager.c">
      <Filter>Source Files</Filter>
    </ClCompile>
    <ClCompile Include="src\powerupManager.c">
      <Filter>Source Files</Filter>
    </ClCompile>
    <ClCompile Include="src\powerup.c">
      <Filter>Source Files</Filter>
    </ClCompile>
    <ClCompile Include="src\uiDraw.c">
      <Filter>Source Files</Filter>
    </ClCompile>
    <ClCompile Include="src\follower.c">
      <Filter>Source Files</Filter>
    </ClCompile>
    <ClCompile Include="src\background.c">
      <Filter>Source Files</Filter>
    </ClCompile>
    <ClCompile Include="src\explosion.c">
      <Filter>Source Files</Filter>
    </ClCompile>
    <ClCompile Include="src\chaser.c">
      <Filter>Source Files</Filter>
    </ClCompile>
    <ClCompile Include="src\sinner.c">
      <Filter>Source Files</Filter>
    </ClCompile>
    <ClCompile Include="src\wall.c">
      <Filter>Source Files</Filter>
    </ClCompile>
    <ClCompile Include="src\gameStateManager.c">
      <Filter>Source Files</Filter>
    </ClCompile>
    <ClCompile Include="src\boss.c">
      <Filter>Source Files</Filter>
    </ClCompile>
    <ClCompile Include="src\shooter.c">
      <Filter>Source Files</Filter>
    </ClCompile>
    <ClCompile Include="src\jumper.c">
      <Filter>Source Files</Filter>
    </ClCompile>
    <ClCompile Include="src\stomper.c">
      <Filter>Source Files</Filter>
    </ClCompile>
    <ClCompile Include="src\soundInfo.c">
      <Filter>Source Files</Filter>
    </ClCompile>
  </ItemGroup>
  <ItemGroup>
    <ClInclude Include="include\field.h">
      <Filter>Header Files</Filter>
    </ClInclude>
    <ClInclude Include="include\object.h">
      <Filter>Header Files</Filter>
    </ClInclude>
    <ClInclude Include="include\random.h">
      <Filter>Header Files</Filter>
    </ClInclude>
    <ClInclude Include="include\shape.h">
      <Filter>Header Files</Filter>
    </ClInclude>
    <ClInclude Include="include\objmgr.h">
      <Filter>Header Files</Filter>
    </ClInclude>
    <ClInclude Include="include\levelmgr.h">
      <Filter>Header Files</Filter>
    </ClInclude>
    <ClInclude Include="include\vicViper.h">
      <Filter>Header Files</Filter>
    </ClInclude>
    <ClInclude Include="include\projectiles.h">
      <Filter>Header Files</Filter>
    </ClInclude>
    <ClInclude Include="include\hitbox.h">
      <Filter>Header Files</Filter>
    </ClInclude>
    <ClInclude Include="include\sprite.h">
      <Filter>Header Files</Filter>
    </ClInclude>
    <ClInclude Include="include\animation.h">
      <Filter>Header Files</Filter>
    </ClInclude>
    <ClInclude Include="include\enemy.h">
      <Filter>Header Files</Filter>
    </ClInclude>
    <ClInclude Include="include\spinner.h">
      <Filter>Header Files</Filter>
    </ClInclude>
    <ClInclude Include="include\enemyManager.h">
      <Filter>Header Files</Filter>
    </ClInclude>
    <ClInclude Include="include\projectileManager.h">
      <Filter>Header Files</Filter>
    </ClInclude>
    <ClInclude Include="include\scoreManager.h">
      <Filter>Header Files</Filter>
    </ClInclude>
    <ClInclude Include="include\powerupManager.h">
      <Filter>Header Files</Filter>
    </ClInclude>
    <ClInclude Include="include\powerup.h">
      <Filter>Header Files</Filter>
    </ClInclude>
    <ClInclude Include="include\uiDraw.h">
      <Filter>Header Files</Filter>
    </ClInclude>
    <ClInclude Include="include\follower.h">
      <Filter>Header Files</Filter>
    </ClInclude>
    <ClInclude Include="src\background.h">
      <Filter>Header Files</Filter>
    </ClInclude>
    <ClInclude Include="include\explosion.h">
      <Filter>Header Files</Filter>
    </ClInclude>
    <ClInclude Include="include\chaser.h">
      <Filter>Header Files</Filter>
    </ClInclude>
    <ClInclude Include="include\sinner.h">
      <Filter>Header Files</Filter>
    </ClInclude>
    <ClInclude Include="src\wall.h">
      <Filter>Header Files</Filter>
    </ClInclude>
    <ClInclude Include="include\gameStateManager.h">
      <Filter>Header Files</Filter>
    </ClInclude>
    <ClInclude Include="include\boss.h">
      <Filter>Header Files</Filter>
    </ClInclude>
    <ClInclude Include="include\shooter.h">
      <Filter>Header Files</Filter>
    </ClInclude>
    <ClInclude Include="include\jumper.h">
      <Filter>Header Files</Filter>
    </ClInclude>
    <ClInclude Include="include\stomper.h">
      <Filter>Header Files</Filter>
    </ClInclude>
    <ClInclude Include="include\soundInfo.h">
      <Filter>Header Files</Filter>
    </ClInclude>
  </ItemGroup>
  <ItemGroup>
    <Xml Include="asset\connectionmap.xml" />
    <Xml Include="asset\connections.xml" />
    <Xml Include="asset\settings.xml" />
  </ItemGroup>
</Project>